// !$*UTF8*$!
{
	archiveVersion = 1;
	classes = {
	};
	objectVersion = 48;
	objects = {

/* Begin PBXBuildFile section */
		CA3678F521D3A7C2006B5771 /* AppDelegate.swift in Sources */ = {isa = PBXBuildFile; fileRef = CA3678F421D3A7C2006B5771 /* AppDelegate.swift */; };
		CA3678F721D3A7C2006B5771 /* ViewController.swift in Sources */ = {isa = PBXBuildFile; fileRef = CA3678F621D3A7C2006B5771 /* ViewController.swift */; };
		CA3678FA21D3A7C2006B5771 /* Main.storyboard in Resources */ = {isa = PBXBuildFile; fileRef = CA3678F821D3A7C2006B5771 /* Main.storyboard */; };
		CA3678FD21D3A7C2006B5771 /* NSFRCCoreData.xcdatamodeld in Sources */ = {isa = PBXBuildFile; fileRef = CA3678FB21D3A7C2006B5771 /* NSFRCCoreData.xcdatamodeld */; };
		CA3678FF21D3A7C2006B5771 /* Assets.xcassets in Resources */ = {isa = PBXBuildFile; fileRef = CA3678FE21D3A7C2006B5771 /* Assets.xcassets */; };
		CA36790221D3A7C2006B5771 /* LaunchScreen.storyboard in Resources */ = {isa = PBXBuildFile; fileRef = CA36790021D3A7C2006B5771 /* LaunchScreen.storyboard */; };
		CA36790C21D3AB84006B5771 /* UserEntity+CoreDataClass.swift in Sources */ = {isa = PBXBuildFile; fileRef = CA36790A21D3AB84006B5771 /* UserEntity+CoreDataClass.swift */; };
		CA36790D21D3AB84006B5771 /* UserEntity+CoreDataProperties.swift in Sources */ = {isa = PBXBuildFile; fileRef = CA36790B21D3AB84006B5771 /* UserEntity+CoreDataProperties.swift */; };
		CA36791021D3AEE4006B5771 /* CoreDataStack.swift in Sources */ = {isa = PBXBuildFile; fileRef = CA36790F21D3AEE4006B5771 /* CoreDataStack.swift */; };
/* End PBXBuildFile section */

/* Begin PBXFileReference section */
		CA3678F121D3A7C2006B5771 /* NSFRCCoreData.app */ = {isa = PBXFileReference; explicitFileType = wrapper.application; includeInIndex = 0; path = NSFRCCoreData.app; sourceTree = BUILT_PRODUCTS_DIR; };
		CA3678F421D3A7C2006B5771 /* AppDelegate.swift */ = {isa = PBXFileReference; lastKnownFileType = sourcecode.swift; path = AppDelegate.swift; sourceTree = "<group>"; };
		CA3678F621D3A7C2006B5771 /* ViewController.swift */ = {isa = PBXFileReference; lastKnownFileType = sourcecode.swift; path = ViewController.swift; sourceTree = "<group>"; };
		CA3678F921D3A7C2006B5771 /* Base */ = {isa = PBXFileReference; lastKnownFileType = file.storyboard; name = Base; path = Base.lproj/Main.storyboard; sourceTree = "<group>"; };
		CA3678FC21D3A7C2006B5771 /* NSFRCCoreData.xcdatamodel */ = {isa = PBXFileReference; lastKnownFileType = wrapper.xcdatamodel; path = NSFRCCoreData.xcdatamodel; sourceTree = "<group>"; };
		CA3678FE21D3A7C2006B5771 /* Assets.xcassets */ = {isa = PBXFileReference; lastKnownFileType = folder.assetcatalog; path = Assets.xcassets; sourceTree = "<group>"; };
		CA36790121D3A7C2006B5771 /* Base */ = {isa = PBXFileReference; lastKnownFileType = file.storyboard; name = Base; path = Base.lproj/LaunchScreen.storyboard; sourceTree = "<group>"; };
		CA36790321D3A7C2006B5771 /* Info.plist */ = {isa = PBXFileReference; lastKnownFileType = text.plist.xml; path = Info.plist; sourceTree = "<group>"; };
		CA36790A21D3AB84006B5771 /* UserEntity+CoreDataClass.swift */ = {isa = PBXFileReference; lastKnownFileType = sourcecode.swift; path = "UserEntity+CoreDataClass.swift"; sourceTree = "<group>"; };
		CA36790B21D3AB84006B5771 /* UserEntity+CoreDataProperties.swift */ = {isa = PBXFileReference; lastKnownFileType = sourcecode.swift; path = "UserEntity+CoreDataProperties.swift"; sourceTree = "<group>"; };
		CA36790F21D3AEE4006B5771 /* CoreDataStack.swift */ = {isa = PBXFileReference; lastKnownFileType = sourcecode.swift; path = CoreDataStack.swift; sourceTree = "<group>"; };
/* End PBXFileReference section */

/* Begin PBXFrameworksBuildPhase section */
		CA3678EE21D3A7C2006B5771 /* Frameworks */ = {
			isa = PBXFrameworksBuildPhase;
			buildActionMask = 2147483647;
			files = (
			);
			runOnlyForDeploymentPostprocessing = 0;
		};
/* End PBXFrameworksBuildPhase section */

/* Begin PBXGroup section */
		CA3678E821D3A7C2006B5771 = {
			isa = PBXGroup;
			children = (
				CA3678F321D3A7C2006B5771 /* NSFRCCoreData */,
				CA3678F221D3A7C2006B5771 /* Products */,
			);
			sourceTree = "<group>";
		};
		CA3678F221D3A7C2006B5771 /* Products */ = {
			isa = PBXGroup;
			children = (
				CA3678F121D3A7C2006B5771 /* NSFRCCoreData.app */,
			);
			name = Products;
			sourceTree = "<group>";
		};
		CA3678F321D3A7C2006B5771 /* NSFRCCoreData */ = {
			isa = PBXGroup;
			children = (
				CA36790E21D3AEB0006B5771 /* CoreData */,
				CA36790921D3AA8E006B5771 /* Modal */,
				CA3678F421D3A7C2006B5771 /* AppDelegate.swift */,
				CA3678F621D3A7C2006B5771 /* ViewController.swift */,
				CA3678F821D3A7C2006B5771 /* Main.storyboard */,
				CA3678FE21D3A7C2006B5771 /* Assets.xcassets */,
				CA36790021D3A7C2006B5771 /* LaunchScreen.storyboard */,
				CA36790321D3A7C2006B5771 /* Info.plist */,
				CA3678FB21D3A7C2006B5771 /* NSFRCCoreData.xcdatamodeld */,
			);
			path = NSFRCCoreData;
			sourceTree = "<group>";
		};
		CA36790921D3AA8E006B5771 /* Modal */ = {
			isa = PBXGroup;
			children = (
				CA36790A21D3AB84006B5771 /* UserEntity+CoreDataClass.swift */,
				CA36790B21D3AB84006B5771 /* UserEntity+CoreDataProperties.swift */,
			);
			path = Modal;
			sourceTree = "<group>";
		};
		CA36790E21D3AEB0006B5771 /* CoreData */ = {
			isa = PBXGroup;
			children = (
				CA36790F21D3AEE4006B5771 /* CoreDataStack.swift */,
			);
			path = CoreData;
			sourceTree = "<group>";
		};
/* End PBXGroup section */

/* Begin PBXNativeTarget section */
		CA3678F021D3A7C2006B5771 /* NSFRCCoreData */ = {
			isa = PBXNativeTarget;
			buildConfigurationList = CA36790621D3A7C2006B5771 /* Build configuration list for PBXNativeTarget "NSFRCCoreData" */;
			buildPhases = (
				CA3678ED21D3A7C2006B5771 /* Sources */,
				CA3678EE21D3A7C2006B5771 /* Frameworks */,
				CA3678EF21D3A7C2006B5771 /* Resources */,
			);
			buildRules = (
			);
			dependencies = (
			);
			name = NSFRCCoreData;
			productName = NSFRCCoreData;
			productReference = CA3678F121D3A7C2006B5771 /* NSFRCCoreData.app */;
			productType = "com.apple.product-type.application";
		};
/* End PBXNativeTarget section */

/* Begin PBXProject section */
		CA3678E921D3A7C2006B5771 /* Project object */ = {
			isa = PBXProject;
			attributes = {
				LastSwiftUpdateCheck = 0920;
				LastUpgradeCheck = 0920;
				ORGANIZATIONNAME = finoit;
				TargetAttributes = {
					CA3678F021D3A7C2006B5771 = {
						CreatedOnToolsVersion = 9.2;
						ProvisioningStyle = Automatic;
					};
				};
			};
			buildConfigurationList = CA3678EC21D3A7C2006B5771 /* Build configuration list for PBXProject "NSFRCCoreData" */;
			compatibilityVersion = "Xcode 8.0";
			developmentRegion = en;
			hasScannedForEncodings = 0;
			knownRegions = (
				en,
				Base,
			);
			mainGroup = CA3678E821D3A7C2006B5771;
			productRefGroup = CA3678F221D3A7C2006B5771 /* Products */;
			projectDirPath = "";
			projectRoot = "";
			targets = (
				CA3678F021D3A7C2006B5771 /* NSFRCCoreData */,
			);
		};
/* End PBXProject section */

/* Begin PBXResourcesBuildPhase section */
		CA3678EF21D3A7C2006B5771 /* Resources */ = {
			isa = PBXResourcesBuildPhase;
			buildActionMask = 2147483647;
			files = (
				CA36790221D3A7C2006B5771 /* LaunchScreen.storyboard in Resources */,
				CA3678FF21D3A7C2006B5771 /* Assets.xcassets in Resources */,
				CA3678FA21D3A7C2006B5771 /* Main.storyboard in Resources */,
			);
			runOnlyForDeploymentPostprocessing = 0;
		};
/* End PBXResourcesBuildPhase section */

/* Begin PBXSourcesBuildPhase section */
		CA3678ED21D3A7C2006B5771 /* Sources */ = {
			isa = PBXSourcesBuildPhase;
			buildActionMask = 2147483647;
			files = (
				CA3678F721D3A7C2006B5771 /* ViewController.swift in Sources */,
				CA36790C21D3AB84006B5771 /* UserEntity+CoreDataClass.swift in Sources */,
				CA3678F521D3A7C2006B5771 /* AppDelegate.swift in Sources */,
				CA36791021D3AEE4006B5771 /* CoreDataStack.swift in Sources */,
				CA36790D21D3AB84006B5771 /* UserEntity+CoreDataProperties.swift in Sources */,
				CA3678FD21D3A7C2006B5771 /* NSFRCCoreData.xcdatamodeld in Sources */,
			);
			runOnlyForDeploymentPostprocessing = 0;
		};
/* End PBXSourcesBuildPhase section */

/* Begin PBXVariantGroup section */
		CA3678F821D3A7C2006B5771 /* Main.storyboard */ = {
			isa = PBXVariantGroup;
			children = (
				CA3678F921D3A7C2006B5771 /* Base */,
			);
			name = Main.storyboard;
			sourceTree = "<group>";
		};
		CA36790021D3A7C2006B5771 /* LaunchScreen.storyboard */ = {
			isa = PBXVariantGroup;
			children = (
				CA36790121D3A7C2006B5771 /* Base */,
			);
			name = LaunchScreen.storyboard;
			sourceTree = "<group>";
		};
/* End PBXVariantGroup section */

/* Begin XCBuildConfiguration section */
		CA36790421D3A7C2006B5771 /* Debug */ = {
			isa = XCBuildConfiguration;
			buildSettings = {
				ALWAYS_SEARCH_USER_PATHS = NO;
				CLANG_ANALYZER_NONNULL = YES;
				CLANG_ANALYZER_NUMBER_OBJECT_CONVERSION = YES_AGGRESSIVE;
				CLANG_CXX_LANGUAGE_STANDARD = "gnu++14";
				CLANG_CXX_LIBRARY = "libc++";
				CLANG_ENABLE_MODULES = YES;
				CLANG_ENABLE_OBJC_ARC = YES;
				CLANG_WARN_BLOCK_CAPTURE_AUTORELEASING = YES;
				CLANG_WARN_BOOL_CONVERSION = YES;
				CLANG_WARN_COMMA = YES;
				CLANG_WARN_CONSTANT_CONVERSION = YES;
				CLANG_WARN_DIRECT_OBJC_ISA_USAGE = YES_ERROR;
				CLANG_WARN_DOCUMENTATION_COMMENTS = YES;
				CLANG_WARN_EMPTY_BODY = YES;
				CLANG_WARN_ENUM_CONVERSION = YES;
				CLANG_WARN_INFINITE_RECURSION = YES;
				CLANG_WARN_INT_CONVERSION = YES;
				CLANG_WARN_NON_LITERAL_NULL_CONVERSION = YES;
				CLANG_WARN_OBJC_LITERAL_CONVERSION = YES;
				CLANG_WARN_OBJC_ROOT_CLASS = YES_ERROR;
				CLANG_WARN_RANGE_LOOP_ANALYSIS = YES;
				CLANG_WARN_STRICT_PROTOTYPES = YES;
				CLANG_WARN_SUSPICIOUS_MOVE = YES;
				CLANG_WARN_UNGUARDED_AVAILABILITY = YES_AGGRESSIVE;
				CLANG_WARN_UNREACHABLE_CODE = YES;
				CLANG_WARN__DUPLICATE_METHOD_MATCH = YES;
				CODE_SIGN_IDENTITY = "iPhone Developer";
				COPY_PHASE_STRIP = NO;
				DEBUG_INFORMATION_FORMAT = dwarf;
				ENABLE_STRICT_OBJC_MSGSEND = YES;
				ENABLE_TESTABILITY = YES;
				GCC_C_LANGUAGE_STANDARD = gnu11;
				GCC_DYNAMIC_NO_PIC = NO;
				GCC_NO_COMMON_BLOCKS = YES;
				GCC_OPTIMIZATION_LEVEL = 0;
				GCC_PREPROCESSOR_DEFINITIONS = (
					"DEBUG=1",
					"$(inherited)",
				);
				GCC_WARN_64_TO_32_BIT_CONVERSION = YES;
				GCC_WARN_ABOUT_RETURN_TYPE = YES_ERROR;
				GCC_WARN_UNDECLARED_SELECTOR = YES;
				GCC_WARN_UNINITIALIZED_AUTOS = YES_AGGRESSIVE;
				GCC_WARN_UNUSED_FUNCTION = YES;
				GCC_WARN_UNUSED_VARIABLE = YES;
				IPHONEOS_DEPLOYMENT_TARGET = 11.2;
				MTL_ENABLE_DEBUG_INFO = YES;
				ONLY_ACTIVE_ARCH = YES;
				SDKROOT = iphoneos;
				SWIFT_ACTIVE_COMPILATION_CONDITIONS = DEBUG;
				SWIFT_OPTIMIZATION_LEVEL = "-Onone";
			};
			name = Debug;
		};
		CA36790521D3A7C2006B5771 /* Release */ = {
			isa = XCBuildConfiguration;
			buildSettings = {
				ALWAYS_SEARCH_USER_PATHS = NO;
				CLANG_ANALYZER_NONNULL = YES;
				CLANG_ANALYZER_NUMBER_OBJECT_CONVERSION = YES_AGGRESSIVE;
				CLANG_CXX_LANGUAGE_STANDARD = "gnu++14";
				CLANG_CXX_LIBRARY = "libc++";
				CLANG_ENABLE_MODULES = YES;
				CLANG_ENABLE_OBJC_ARC = YES;
				CLANG_WARN_BLOCK_CAPTURE_AUTORELEASING = YES;
				CLANG_WARN_BOOL_CONVERSION = YES;
				CLANG_WARN_COMMA = YES;
				CLANG_WARN_CONSTANT_CONVERSION = YES;
				CLANG_WARN_DIRECT_OBJC_ISA_USAGE = YES_ERROR;
				CLANG_WARN_DOCUMENTATION_COMMENTS = YES;
				CLANG_WARN_EMPTY_BODY = YES;
				CLANG_WARN_ENUM_CONVERSION = YES;
				CLANG_WARN_INFINITE_RECURSION = YES;
				CLANG_WARN_INT_CONVERSION = YES;
				CLANG_WARN_NON_LITERAL_NULL_CONVERSION = YES;
				CLANG_WARN_OBJC_LITERAL_CONVERSION = YES;
				CLANG_WARN_OBJC_ROOT_CLASS = YES_ERROR;
				CLANG_WARN_RANGE_LOOP_ANALYSIS = YES;
				CLANG_WARN_STRICT_PROTOTYPES = YES;
				CLANG_WARN_SUSPICIOUS_MOVE = YES;
				CLANG_WARN_UNGUARDED_AVAILABILITY = YES_AGGRESSIVE;
				CLANG_WARN_UNREACHABLE_CODE = YES;
				CLANG_WARN__DUPLICATE_METHOD_MATCH = YES;
				CODE_SIGN_IDENTITY = "iPhone Developer";
				COPY_PHASE_STRIP = NO;
				DEBUG_INFORMATION_FORMAT = "dwarf-with-dsym";
				ENABLE_NS_ASSERTIONS = NO;
				ENABLE_STRICT_OBJC_MSGSEND = YES;
				GCC_C_LANGUAGE_STANDARD = gnu11;
				GCC_NO_COMMON_BLOCKS = YES;
				GCC_WARN_64_TO_32_BIT_CONVERSION = YES;
				GCC_WARN_ABOUT_RETURN_TYPE = YES_ERROR;
				GCC_WARN_UNDECLARED_SELECTOR = YES;
				GCC_WARN_UNINITIALIZED_AUTOS = YES_AGGRESSIVE;
				GCC_WARN_UNUSED_FUNCTION = YES;
				GCC_WARN_UNUSED_VARIABLE = YES;
				IPHONEOS_DEPLOYMENT_TARGET = 11.2;
				MTL_ENABLE_DEBUG_INFO = NO;
				SDKROOT = iphoneos;
				SWIFT_OPTIMIZATION_LEVEL = "-Owholemodule";
				VALIDATE_PRODUCT = YES;
			};
			name = Release;
		};
		CA36790721D3A7C2006B5771 /* Debug */ = {
			isa = XCBuildConfiguration;
			buildSettings = {
				ASSETCATALOG_COMPILER_APPICON_NAME = AppIcon;
				CODE_SIGN_STYLE = Automatic;
				INFOPLIST_FILE = NSFRCCoreData/Info.plist;
				LD_RUNPATH_SEARCH_PATHS = "$(inherited) @executable_path/Frameworks";
				PRODUCT_BUNDLE_IDENTIFIER = com.finoit.NSFRCCoreData;
				PRODUCT_NAME = "$(TARGET_NAME)";
				SWIFT_VERSION = 4.0;
				TARGETED_DEVICE_FAMILY = "1,2";
			};
			name = Debug;
		};
		CA36790821D3A7C2006B5771 /* Release */ = {
			isa = XCBuildConfiguration;
			buildSettings = {
				ASSETCATALOG_COMPILER_APPICON_NAME = AppIcon;
				CODE_SIGN_STYLE = Automatic;
				INFOPLIST_FILE = NSFRCCoreData/Info.plist;
				LD_RUNPATH_SEARCH_PATHS = "$(inherited) @executable_path/Frameworks";
				PRODUCT_BUNDLE_IDENTIFIER = com.finoit.NSFRCCoreData;
				PRODUCT_NAME = "$(TARGET_NAME)";
				SWIFT_VERSION = 4.0;
				TARGETED_DEVICE_FAMILY = "1,2";
			};
			name = Release;
		};
/* End XCBuildConfiguration section */

/* Begin XCConfigurationList section */
		CA3678EC21D3A7C2006B5771 /* Build configuration list for PBXProject "NSFRCCoreData" */ = {
			isa = XCConfigurationList;
			buildConfigurations = (
				CA36790421D3A7C2006B5771 /* Debug */,
				CA36790521D3A7C2006B5771 /* Release */,
			);
			defaultConfigurationIsVisible = 0;
			defaultConfigurationName = Release;
		};
		CA36790621D3A7C2006B5771 /* Build configuration list for PBXNativeTarget "NSFRCCoreData" */ = {
			isa = XCConfigurationList;
			buildConfigurations = (
				CA36790721D3A7C2006B5771 /* Debug */,
				CA36790821D3A7C2006B5771 /* Release */,
			);
			defaultConfigurationIsVisible = 0;
			defaultConfigurationName = Release;
		};
/* End XCConfigurationList section */

/* Begin XCVersionGroup section */
		CA3678FB21D3A7C2006B5771 /* NSFRCCoreData.xcdatamodeld */ = {
			isa = XCVersionGroup;
			children = (
				CA3678FC21D3A7C2006B5771 /* NSFRCCoreData.xcdatamodel */,
			);
			currentVersion = CA3678FC21D3A7C2006B5771 /* NSFRCCoreData.xcdatamodel */;
			path = NSFRCCoreData.xcdatamodeld;
			sourceTree = "<group>";
			versionGroupType = wrapper.xcdatamodel;
		};
/* End XCVersionGroup section */
	};
	rootObject = CA3678E921D3A7C2006B5771 /* Project object */;
}
