// !$*UTF8*$!
{
	archiveVersion = 1;
	classes = {
	};
	objectVersion = 50;
	objects = {

/* Begin PBXBuildFile section */
		1292884986AEE48BFBD0AB75 /* Pods_GoogleMapsDemo.framework in Frameworks */ = {isa = PBXBuildFile; fileRef = D271A72D2BDCB49D09287050 /* Pods_GoogleMapsDemo.framework */; };
		CAB3A00721EC6D1E0004D534 /* AppDelegate.swift in Sources */ = {isa = PBXBuildFile; fileRef = CAB3A00621EC6D1E0004D534 /* AppDelegate.swift */; };
		CAB3A00921EC6D1E0004D534 /* ViewController.swift in Sources */ = {isa = PBXBuildFile; fileRef = CAB3A00821EC6D1E0004D534 /* ViewController.swift */; };
		CAB3A00C21EC6D1E0004D534 /* Main.storyboard in Resources */ = {isa = PBXBuildFile; fileRef = CAB3A00A21EC6D1E0004D534 /* Main.storyboard */; };
		CAB3A00E21EC6D270004D534 /* Assets.xcassets in Resources */ = {isa = PBXBuildFile; fileRef = CAB3A00D21EC6D270004D534 /* Assets.xcassets */; };
		CAB3A01121EC6D270004D534 /* LaunchScreen.storyboard in Resources */ = {isa = PBXBuildFile; fileRef = CAB3A00F21EC6D270004D534 /* LaunchScreen.storyboard */; };
/* End PBXBuildFile section */

/* Begin PBXFileReference section */
		4F9197F81A6ECB2568F72E97 /* Pods-GoogleMapsDemo.release.xcconfig */ = {isa = PBXFileReference; includeInIndex = 1; lastKnownFileType = text.xcconfig; name = "Pods-GoogleMapsDemo.release.xcconfig"; path = "Pods/Target Support Files/Pods-GoogleMapsDemo/Pods-GoogleMapsDemo.release.xcconfig"; sourceTree = "<group>"; };
		9D1C81A12ABA282CF5992079 /* Pods-GoogleMapsDemo.debug.xcconfig */ = {isa = PBXFileReference; includeInIndex = 1; lastKnownFileType = text.xcconfig; name = "Pods-GoogleMapsDemo.debug.xcconfig"; path = "Pods/Target Support Files/Pods-GoogleMapsDemo/Pods-GoogleMapsDemo.debug.xcconfig"; sourceTree = "<group>"; };
		CAB3A00321EC6D1E0004D534 /* GoogleMapsDemo.app */ = {isa = PBXFileReference; explicitFileType = wrapper.application; includeInIndex = 0; path = GoogleMapsDemo.app; sourceTree = BUILT_PRODUCTS_DIR; };
		CAB3A00621EC6D1E0004D534 /* AppDelegate.swift */ = {isa = PBXFileReference; lastKnownFileType = sourcecode.swift; path = AppDelegate.swift; sourceTree = "<group>"; };
		CAB3A00821EC6D1E0004D534 /* ViewController.swift */ = {isa = PBXFileReference; lastKnownFileType = sourcecode.swift; path = ViewController.swift; sourceTree = "<group>"; };
		CAB3A00B21EC6D1E0004D534 /* Base */ = {isa = PBXFileReference; lastKnownFileType = file.storyboard; name = Base; path = Base.lproj/Main.storyboard; sourceTree = "<group>"; };
		CAB3A00D21EC6D270004D534 /* Assets.xcassets */ = {isa = PBXFileReference; lastKnownFileType = folder.assetcatalog; path = Assets.xcassets; sourceTree = "<group>"; };
		CAB3A01021EC6D270004D534 /* Base */ = {isa = PBXFileReference; lastKnownFileType = file.storyboard; name = Base; path = Base.lproj/LaunchScreen.storyboard; sourceTree = "<group>"; };
		CAB3A01221EC6D270004D534 /* Info.plist */ = {isa = PBXFileReference; lastKnownFileType = text.plist.xml; path = Info.plist; sourceTree = "<group>"; };
		D271A72D2BDCB49D09287050 /* Pods_GoogleMapsDemo.framework */ = {isa = PBXFileReference; explicitFileType = wrapper.framework; includeInIndex = 0; path = Pods_GoogleMapsDemo.framework; sourceTree = BUILT_PRODUCTS_DIR; };
/* End PBXFileReference section */

/* Begin PBXFrameworksBuildPhase section */
		CAB3A00021EC6D1E0004D534 /* Frameworks */ = {
			isa = PBXFrameworksBuildPhase;
			buildActionMask = 2147483647;
			files = (
				1292884986AEE48BFBD0AB75 /* Pods_GoogleMapsDemo.framework in Frameworks */,
			);
			runOnlyForDeploymentPostprocessing = 0;
		};
/* End PBXFrameworksBuildPhase section */

/* Begin PBXGroup section */
		06D78A360D201A0C58795385 /* Pods */ = {
			isa = PBXGroup;
			children = (
				9D1C81A12ABA282CF5992079 /* Pods-GoogleMapsDemo.debug.xcconfig */,
				4F9197F81A6ECB2568F72E97 /* Pods-GoogleMapsDemo.release.xcconfig */,
			);
			name = Pods;
			sourceTree = "<group>";
		};
		4A7BBEA1A21DFF45BD4E4E6F /* Frameworks */ = {
			isa = PBXGroup;
			children = (
				D271A72D2BDCB49D09287050 /* Pods_GoogleMapsDemo.framework */,
			);
			name = Frameworks;
			sourceTree = "<group>";
		};
		CAB39FFA21EC6D1E0004D534 = {
			isa = PBXGroup;
			children = (
				CAB3A00521EC6D1E0004D534 /* GoogleMapsDemo */,
				CAB3A00421EC6D1E0004D534 /* Products */,
				06D78A360D201A0C58795385 /* Pods */,
				4A7BBEA1A21DFF45BD4E4E6F /* Frameworks */,
			);
			sourceTree = "<group>";
		};
		CAB3A00421EC6D1E0004D534 /* Products */ = {
			isa = PBXGroup;
			children = (
				CAB3A00321EC6D1E0004D534 /* GoogleMapsDemo.app */,
			);
			name = Products;
			sourceTree = "<group>";
		};
		CAB3A00521EC6D1E0004D534 /* GoogleMapsDemo */ = {
			isa = PBXGroup;
			children = (
				CAB3A00621EC6D1E0004D534 /* AppDelegate.swift */,
				CAB3A00821EC6D1E0004D534 /* ViewController.swift */,
				CAB3A00A21EC6D1E0004D534 /* Main.storyboard */,
				CAB3A00D21EC6D270004D534 /* Assets.xcassets */,
				CAB3A00F21EC6D270004D534 /* LaunchScreen.storyboard */,
				CAB3A01221EC6D270004D534 /* Info.plist */,
			);
			path = GoogleMapsDemo;
			sourceTree = "<group>";
		};
/* End PBXGroup section */

/* Begin PBXNativeTarget section */
		CAB3A00221EC6D1E0004D534 /* GoogleMapsDemo */ = {
			isa = PBXNativeTarget;
			buildConfigurationList = CAB3A01521EC6D270004D534 /* Build configuration list for PBXNativeTarget "GoogleMapsDemo" */;
			buildPhases = (
				DB9A130D9CBBABE1A2DE2AC3 /* [CP] Check Pods Manifest.lock */,
				CAB39FFF21EC6D1E0004D534 /* Sources */,
				CAB3A00021EC6D1E0004D534 /* Frameworks */,
				CAB3A00121EC6D1E0004D534 /* Resources */,
				5923A5C2641881719B8262F6 /* [CP] Copy Pods Resources */,
			);
			buildRules = (
			);
			dependencies = (
			);
			name = GoogleMapsDemo;
			productName = GoogleMapsDemo;
			productReference = CAB3A00321EC6D1E0004D534 /* GoogleMapsDemo.app */;
			productType = "com.apple.product-type.application";
		};
/* End PBXNativeTarget section */

/* Begin PBXProject section */
		CAB39FFB21EC6D1E0004D534 /* Project object */ = {
			isa = PBXProject;
			attributes = {
				LastSwiftUpdateCheck = 1010;
				LastUpgradeCheck = 1010;
				ORGANIZATIONNAME = finoit;
				TargetAttributes = {
					CAB3A00221EC6D1E0004D534 = {
						CreatedOnToolsVersion = 10.1;
					};
				};
			};
			buildConfigurationList = CAB39FFE21EC6D1E0004D534 /* Build configuration list for PBXProject "GoogleMapsDemo" */;
			compatibilityVersion = "Xcode 9.3";
			developmentRegion = en;
			hasScannedForEncodings = 0;
			knownRegions = (
				en,
				Base,
			);
			mainGroup = CAB39FFA21EC6D1E0004D534;
			productRefGroup = CAB3A00421EC6D1E0004D534 /* Products */;
			projectDirPath = "";
			projectRoot = "";
			targets = (
				CAB3A00221EC6D1E0004D534 /* GoogleMapsDemo */,
			);
		};
/* End PBXProject section */

/* Begin PBXResourcesBuildPhase section */
		CAB3A00121EC6D1E0004D534 /* Resources */ = {
			isa = PBXResourcesBuildPhase;
			buildActionMask = 2147483647;
			files = (
				CAB3A01121EC6D270004D534 /* LaunchScreen.storyboard in Resources */,
				CAB3A00E21EC6D270004D534 /* Assets.xcassets in Resources */,
				CAB3A00C21EC6D1E0004D534 /* Main.storyboard in Resources */,
			);
			runOnlyForDeploymentPostprocessing = 0;
		};
/* End PBXResourcesBuildPhase section */

/* Begin PBXShellScriptBuildPhase section */
		5923A5C2641881719B8262F6 /* [CP] Copy Pods Resources */ = {
			isa = PBXShellScriptBuildPhase;
			buildActionMask = 2147483647;
			files = (
			);
			inputFileListPaths = (
			);
			inputPaths = (
				"${SRCROOT}/Pods/Target Support Files/Pods-GoogleMapsDemo/Pods-GoogleMapsDemo-resources.sh",
				"${PODS_ROOT}/GoogleMaps/Maps/Frameworks/GoogleMaps.framework/Resources/GoogleMaps.bundle",
				"${PODS_ROOT}/GooglePlaces/Frameworks/GooglePlaces.framework/Resources/GooglePlaces.bundle",
			);
			name = "[CP] Copy Pods Resources";
			outputFileListPaths = (
			);
			outputPaths = (
				"${TARGET_BUILD_DIR}/${UNLOCALIZED_RESOURCES_FOLDER_PATH}/GoogleMaps.bundle",
				"${TARGET_BUILD_DIR}/${UNLOCALIZED_RESOURCES_FOLDER_PATH}/GooglePlaces.bundle",
			);
			runOnlyForDeploymentPostprocessing = 0;
			shellPath = /bin/sh;
			shellScript = "\"${SRCROOT}/Pods/Target Support Files/Pods-GoogleMapsDemo/Pods-GoogleMapsDemo-resources.sh\"\n";
			showEnvVarsInLog = 0;
		};
		DB9A130D9CBBABE1A2DE2AC3 /* [CP] Check Pods Manifest.lock */ = {
			isa = PBXShellScriptBuildPhase;
			buildActionMask = 2147483647;
			files = (
			);
			inputFileListPaths = (
			);
			inputPaths = (
				"${PODS_PODFILE_DIR_PATH}/Podfile.lock",
				"${PODS_ROOT}/Manifest.lock",
			);
			name = "[CP] Check Pods Manifest.lock";
			outputFileListPaths = (
			);
			outputPaths = (
				"$(DERIVED_FILE_DIR)/Pods-GoogleMapsDemo-checkManifestLockResult.txt",
			);
			runOnlyForDeploymentPostprocessing = 0;
			shellPath = /bin/sh;
			shellScript = "diff \"${PODS_PODFILE_DIR_PATH}/Podfile.lock\" \"${PODS_ROOT}/Manifest.lock\" > /dev/null\nif [ $? != 0 ] ; then\n    # print error to STDERR\n    echo \"error: The sandbox is not in sync with the Podfile.lock. Run 'pod install' or update your CocoaPods installation.\" >&2\n    exit 1\nfi\n# This output is used by Xcode 'outputs' to avoid re-running this script phase.\necho \"SUCCESS\" > \"${SCRIPT_OUTPUT_FILE_0}\"\n";
			showEnvVarsInLog = 0;
		};
/* End PBXShellScriptBuildPhase section */

/* Begin PBXSourcesBuildPhase section */
		CAB39FFF21EC6D1E0004D534 /* Sources */ = {
			isa = PBXSourcesBuildPhase;
			buildActionMask = 2147483647;
			files = (
				CAB3A00921EC6D1E0004D534 /* ViewController.swift in Sources */,
				CAB3A00721EC6D1E0004D534 /* AppDelegate.swift in Sources */,
			);
			runOnlyForDeploymentPostprocessing = 0;
		};
/* End PBXSourcesBuildPhase section */

/* Begin PBXVariantGroup section */
		CAB3A00A21EC6D1E0004D534 /* Main.storyboard */ = {
			isa = PBXVariantGroup;
			children = (
				CAB3A00B21EC6D1E0004D534 /* Base */,
			);
			name = Main.storyboard;
			sourceTree = "<group>";
		};
		CAB3A00F21EC6D270004D534 /* LaunchScreen.storyboard */ = {
			isa = PBXVariantGroup;
			children = (
				CAB3A01021EC6D270004D534 /* Base */,
			);
			name = LaunchScreen.storyboard;
			sourceTree = "<group>";
		};
/* End PBXVariantGroup section */

/* Begin XCBuildConfiguration section */
		CAB3A01321EC6D270004D534 /* Debug */ = {
			isa = XCBuildConfiguration;
			buildSettings = {
				ALWAYS_SEARCH_USER_PATHS = NO;
				CLANG_ANALYZER_NONNULL = YES;
				CLANG_ANALYZER_NUMBER_OBJECT_CONVERSION = YES_AGGRESSIVE;
				CLANG_CXX_LANGUAGE_STANDARD = "gnu++14";
				CLANG_CXX_LIBRARY = "libc++";
				CLANG_ENABLE_MODULES = YES;
				CLANG_ENABLE_OBJC_ARC = YES;
				CLANG_ENABLE_OBJC_WEAK = YES;
				CLANG_WARN_BLOCK_CAPTURE_AUTORELEASING = YES;
				CLANG_WARN_BOOL_CONVERSION = YES;
				CLANG_WARN_COMMA = YES;
				CLANG_WARN_CONSTANT_CONVERSION = YES;
				CLANG_WARN_DEPRECATED_OBJC_IMPLEMENTATIONS = YES;
				CLANG_WARN_DIRECT_OBJC_ISA_USAGE = YES_ERROR;
				CLANG_WARN_DOCUMENTATION_COMMENTS = YES;
				CLANG_WARN_EMPTY_BODY = YES;
				CLANG_WARN_ENUM_CONVERSION = YES;
				CLANG_WARN_INFINITE_RECURSION = YES;
				CLANG_WARN_INT_CONVERSION = YES;
				CLANG_WARN_NON_LITERAL_NULL_CONVERSION = YES;
				CLANG_WARN_OBJC_IMPLICIT_RETAIN_SELF = YES;
				CLANG_WARN_OBJC_LITERAL_CONVERSION = YES;
				CLANG_WARN_OBJC_ROOT_CLASS = YES_ERROR;
				CLANG_WARN_RANGE_LOOP_ANALYSIS = YES;
				CLANG_WARN_STRICT_PROTOTYPES = YES;
				CLANG_WARN_SUSPICIOUS_MOVE = YES;
				CLANG_WARN_UNGUARDED_AVAILABILITY = YES_AGGRESSIVE;
				CLANG_WARN_UNREACHABLE_CODE = YES;
				CLANG_WARN__DUPLICATE_METHOD_MATCH = YES;
				CODE_SIGN_IDENTITY = "iPhone Developer";
				COPY_PHASE_STRIP = NO;
				DEBUG_INFORMATION_FORMAT = dwarf;
				ENABLE_STRICT_OBJC_MSGSEND = YES;
				ENABLE_TESTABILITY = YES;
				GCC_C_LANGUAGE_STANDARD = gnu11;
				GCC_DYNAMIC_NO_PIC = NO;
				GCC_NO_COMMON_BLOCKS = YES;
				GCC_OPTIMIZATION_LEVEL = 0;
				GCC_PREPROCESSOR_DEFINITIONS = (
					"DEBUG=1",
					"$(inherited)",
				);
				GCC_WARN_64_TO_32_BIT_CONVERSION = YES;
				GCC_WARN_ABOUT_RETURN_TYPE = YES_ERROR;
				GCC_WARN_UNDECLARED_SELECTOR = YES;
				GCC_WARN_UNINITIALIZED_AUTOS = YES_AGGRESSIVE;
				GCC_WARN_UNUSED_FUNCTION = YES;
				GCC_WARN_UNUSED_VARIABLE = YES;
				IPHONEOS_DEPLOYMENT_TARGET = 12.1;
				MTL_ENABLE_DEBUG_INFO = INCLUDE_SOURCE;
				MTL_FAST_MATH = YES;
				ONLY_ACTIVE_ARCH = YES;
				SDKROOT = iphoneos;
				SWIFT_ACTIVE_COMPILATION_CONDITIONS = DEBUG;
				SWIFT_OPTIMIZATION_LEVEL = "-Onone";
			};
			name = Debug;
		};
		CAB3A01421EC6D270004D534 /* Release */ = {
			isa = XCBuildConfiguration;
			buildSettings = {
				ALWAYS_SEARCH_USER_PATHS = NO;
				CLANG_ANALYZER_NONNULL = YES;
				CLANG_ANALYZER_NUMBER_OBJECT_CONVERSION = YES_AGGRESSIVE;
				CLANG_CXX_LANGUAGE_STANDARD = "gnu++14";
				CLANG_CXX_LIBRARY = "libc++";
				CLANG_ENABLE_MODULES = YES;
				CLANG_ENABLE_OBJC_ARC = YES;
				CLANG_ENABLE_OBJC_WEAK = YES;
				CLANG_WARN_BLOCK_CAPTURE_AUTORELEASING = YES;
				CLANG_WARN_BOOL_CONVERSION = YES;
				CLANG_WARN_COMMA = YES;
				CLANG_WARN_CONSTANT_CONVERSION = YES;
				CLANG_WARN_DEPRECATED_OBJC_IMPLEMENTATIONS = YES;
				CLANG_WARN_DIRECT_OBJC_ISA_USAGE = YES_ERROR;
				CLANG_WARN_DOCUMENTATION_COMMENTS = YES;
				CLANG_WARN_EMPTY_BODY = YES;
				CLANG_WARN_ENUM_CONVERSION = YES;
				CLANG_WARN_INFINITE_RECURSION = YES;
				CLANG_WARN_INT_CONVERSION = YES;
				CLANG_WARN_NON_LITERAL_NULL_CONVERSION = YES;
				CLANG_WARN_OBJC_IMPLICIT_RETAIN_SELF = YES;
				CLANG_WARN_OBJC_LITERAL_CONVERSION = YES;
				CLANG_WARN_OBJC_ROOT_CLASS = YES_ERROR;
				CLANG_WARN_RANGE_LOOP_ANALYSIS = YES;
				CLANG_WARN_STRICT_PROTOTYPES = YES;
				CLANG_WARN_SUSPICIOUS_MOVE = YES;
				CLANG_WARN_UNGUARDED_AVAILABILITY = YES_AGGRESSIVE;
				CLANG_WARN_UNREACHABLE_CODE = YES;
				CLANG_WARN__DUPLICATE_METHOD_MATCH = YES;
				CODE_SIGN_IDENTITY = "iPhone Developer";
				COPY_PHASE_STRIP = NO;
				DEBUG_INFORMATION_FORMAT = "dwarf-with-dsym";
				ENABLE_NS_ASSERTIONS = NO;
				ENABLE_STRICT_OBJC_MSGSEND = YES;
				GCC_C_LANGUAGE_STANDARD = gnu11;
				GCC_NO_COMMON_BLOCKS = YES;
				GCC_WARN_64_TO_32_BIT_CONVERSION = YES;
				GCC_WARN_ABOUT_RETURN_TYPE = YES_ERROR;
				GCC_WARN_UNDECLARED_SELECTOR = YES;
				GCC_WARN_UNINITIALIZED_AUTOS = YES_AGGRESSIVE;
				GCC_WARN_UNUSED_FUNCTION = YES;
				GCC_WARN_UNUSED_VARIABLE = YES;
				IPHONEOS_DEPLOYMENT_TARGET = 12.1;
				MTL_ENABLE_DEBUG_INFO = NO;
				MTL_FAST_MATH = YES;
				SDKROOT = iphoneos;
				SWIFT_COMPILATION_MODE = wholemodule;
				SWIFT_OPTIMIZATION_LEVEL = "-O";
				VALIDATE_PRODUCT = YES;
			};
			name = Release;
		};
		CAB3A01621EC6D270004D534 /* Debug */ = {
			isa = XCBuildConfiguration;
			baseConfigurationReference = 9D1C81A12ABA282CF5992079 /* Pods-GoogleMapsDemo.debug.xcconfig */;
			buildSettings = {
				ASSETCATALOG_COMPILER_APPICON_NAME = AppIcon;
				CODE_SIGN_STYLE = Automatic;
				DEVELOPMENT_TEAM = 32W33XMD26;
				INFOPLIST_FILE = GoogleMapsDemo/Info.plist;
				LD_RUNPATH_SEARCH_PATHS = (
					"$(inherited)",
					"@executable_path/Frameworks",
				);
				PRODUCT_BUNDLE_IDENTIFIER = com.finoit.mymaps;
				PRODUCT_NAME = "$(TARGET_NAME)";
				SWIFT_VERSION = 4.2;
				TARGETED_DEVICE_FAMILY = "1,2";
			};
			name = Debug;
		};
		CAB3A01721EC6D270004D534 /* Release */ = {
			isa = XCBuildConfiguration;
			baseConfigurationReference = 4F9197F81A6ECB2568F72E97 /* Pods-GoogleMapsDemo.release.xcconfig */;
			buildSettings = {
				ASSETCATALOG_COMPILER_APPICON_NAME = AppIcon;
				CODE_SIGN_STYLE = Automatic;
				DEVELOPMENT_TEAM = 32W33XMD26;
				INFOPLIST_FILE = GoogleMapsDemo/Info.plist;
				LD_RUNPATH_SEARCH_PATHS = (
					"$(inherited)",
					"@executable_path/Frameworks",
				);
				PRODUCT_BUNDLE_IDENTIFIER = com.finoit.mymaps;
				PRODUCT_NAME = "$(TARGET_NAME)";
				SWIFT_VERSION = 4.2;
				TARGETED_DEVICE_FAMILY = "1,2";
			};
			name = Release;
		};
/* End XCBuildConfiguration section */

/* Begin XCConfigurationList section */
		CAB39FFE21EC6D1E0004D534 /* Build configuration list for PBXProject "GoogleMapsDemo" */ = {
			isa = XCConfigurationList;
			buildConfigurations = (
				CAB3A01321EC6D270004D534 /* Debug */,
				CAB3A01421EC6D270004D534 /* Release */,
			);
			defaultConfigurationIsVisible = 0;
			defaultConfigurationName = Release;
		};
		CAB3A01521EC6D270004D534 /* Build configuration list for PBXNativeTarget "GoogleMapsDemo" */ = {
			isa = XCConfigurationList;
			buildConfigurations = (
				CAB3A01621EC6D270004D534 /* Debug */,
				CAB3A01721EC6D270004D534 /* Release */,
			);
			defaultConfigurationIsVisible = 0;
			defaultConfigurationName = Release;
		};
/* End XCConfigurationList section */
	};
	rootObject = CAB39FFB21EC6D1E0004D534 /* Project object */;
}
